github.com/kjkrol/gokg v1.0.14 h1:a1PtDqbTyW4in5rnmIP7oS0r8QoIGzF+xI+kye7VO4E=
github.com/kjkrol/gokg v1.0.14/go.mod h1:xK5iL2V3JvYxfZyGRn/ApHbp+ibJJhwllfz2T4QM41o=
github.com/kjkrol/goku v1.0.0 h1:PHp8wBM9HsmTe8y7NVSWhjypVId1G5rqpDaWeTUMGDk=
github.com/kjkrol/goku v1.0.0/go.mod h1:r/4WWEXxPcnnVkQ/eUUtWxcno+aanVcophHgNm3/dkM=
