github.com/kjkrol/gokg v1.0.13 h1:0Dw7ecpcy5+okoRM5AhEAKtniO2BqxZv8xRIX/ES0i4=
github.com/kjkrol/gokg v1.0.13/go.mod h1:xK5iL2V3JvYxfZyGRn/ApHbp+ibJJhwllfz2T4QM41o=
github.com/kjkrol/goku v1.0.0 h1:PHp8wBM9HsmTe8y7NVSWhjypVId1G5rqpDaWeTUMGDk=
github.com/kjkrol/goku v1.0.0/go.mod h1:r/4WWEXxPcnnVkQ/eUUtWxcno+aanVcophHgNm3/dkM=
