github.com/kjkrol/gokg v1.2.2 h1:n72/RdRoplSNIjlBAa2akN0PSlCQno4D04R5dStp/58=
github.com/kjkrol/gokg v1.2.2/go.mod h1:OTuWB1WSdRDR++g+NnDlVbynnbR6mc09QJMP9GPyvPY=
github.com/kjkrol/goku v1.0.0 h1:PHp8wBM9HsmTe8y7NVSWhjypVId1G5rqpDaWeTUMGDk=
github.com/kjkrol/goku v1.0.0/go.mod h1:r/4WWEXxPcnnVkQ/eUUtWxcno+aanVcophHgNm3/dkM=
